# This file is automatically @generated by Poetry 1.6.1 and should not be changed by hand.

[[package]]
name = "pycoin"
version = "0.92.20230326"
description = "Utilities for Bitcoin and altcoin addresses and transaction manipulation."
optional = false
python-versions = "*"
files = [
    {file = "pycoin-0.92.20230326.tar.gz", hash = "sha256:0d85f0013447c356b2f6cc0bb903ad07ee4b72805ee13b40296cd0831112c0df"},
]

[metadata]
lock-version = "2.0"
python-versions = "^3"
content-hash = "2240396f8eb85361ebc0d2a3221cd0be31526adb59810556d72f8f1cb38df10e"
